
Microsoft Visual Studio Solution File, Format Version 12.00
# Visual Studio Version 17
VisualStudioVersion = 17.9.34701.34
MinimumVisualStudioVersion = 10.0.40219.1
Project("{FAE04EC0-301F-11D3-BF4B-00C04F79EFBC}") = "2FA", "2FA\2FA.csproj", "{FD9A2C2C-733B-4F38-BDE0-67EBD3E7120F}"
EndProject
Global
	GlobalSection(SolutionConfigurationPlatforms) = preSolution
		Debug|Any CPU = Debug|Any CPU
		Release|Any CPU = Release|Any CPU
	EndGlobalSection
	GlobalSection(ProjectConfigurationPlatforms) = postSolution
		{FD9A2C2C-733B-4F38-BDE0-67EBD3E7120F}.Debug|Any CPU.ActiveCfg = Debug|Any CPU
		{FD9A2C2C-733B-4F38-BDE0-67EBD3E7120F}.Debug|Any CPU.Build.0 = Debug|Any CPU
		{FD9A2C2C-733B-4F38-BDE0-67EBD3E7120F}.Release|Any CPU.ActiveCfg = Release|Any CPU
		{FD9A2C2C-733B-4F38-BDE0-67EBD3E7120F}.Release|Any CPU.Build.0 = Release|Any CPU
	EndGlobalSection
	GlobalSection(SolutionProperties) = preSolution
		HideSolutionNode = FALSE
	EndGlobalSection
	GlobalSection(ExtensibilityGlobals) = postSolution
		SolutionGuid = {057EA1A3-92A9-4105-B71A-50BD4FBAE533}
	EndGlobalSection
EndGlobal
